// !$*UTF8*$!
{
	archiveVersion = 1;
	classes = {
	};
	objectVersion = 50;
	objects = {

/* Begin PBXBuildFile section */
		765F886326A4DA76001FE78F /* StateView.swift in Sources */ = {isa = PBXBuildFile; fileRef = 765F886226A4DA76001FE78F /* StateView.swift */; };
		765F886526A4DB7E001FE78F /* BindingView.swift in Sources */ = {isa = PBXBuildFile; fileRef = 765F886426A4DB7E001FE78F /* BindingView.swift */; };
		765F886726A4E2DA001FE78F /* EnvironmentView.swift in Sources */ = {isa = PBXBuildFile; fileRef = 765F886626A4E2DA001FE78F /* EnvironmentView.swift */; };
		767AE5E526A26CD200B79A6F /* ImageView.swift in Sources */ = {isa = PBXBuildFile; fileRef = 767AE5E426A26CD200B79A6F /* ImageView.swift */; };
		767AE5E726A27A8600B79A6F /* MapView.swift in Sources */ = {isa = PBXBuildFile; fileRef = 767AE5E626A27A8600B79A6F /* MapView.swift */; };
		767AE5E926A27DDF00B79A6F /* MainView.swift in Sources */ = {isa = PBXBuildFile; fileRef = 767AE5E826A27DDF00B79A6F /* MainView.swift */; };
		767AE5EC26A27FAB00B79A6F /* Programmer.swift in Sources */ = {isa = PBXBuildFile; fileRef = 767AE5EB26A27FAB00B79A6F /* Programmer.swift */; };
		767AE5F026A2804F00B79A6F /* RowView.swift in Sources */ = {isa = PBXBuildFile; fileRef = 767AE5EF26A2804F00B79A6F /* RowView.swift */; };
		767AE5F226A283C500B79A6F /* ListView.swift in Sources */ = {isa = PBXBuildFile; fileRef = 767AE5F126A283C500B79A6F /* ListView.swift */; };
		767AE5F426A4B1F000B79A6F /* ListDetailView.swift in Sources */ = {isa = PBXBuildFile; fileRef = 767AE5F326A4B1F000B79A6F /* ListDetailView.swift */; };
		76C541E426A2464800C3810F /* SwiftUIBasicsApp.swift in Sources */ = {isa = PBXBuildFile; fileRef = 76C541E326A2464800C3810F /* SwiftUIBasicsApp.swift */; };
		76C541E626A2464800C3810F /* ContentView.swift in Sources */ = {isa = PBXBuildFile; fileRef = 76C541E526A2464800C3810F /* ContentView.swift */; };
		76C541E826A2464D00C3810F /* Assets.xcassets in Resources */ = {isa = PBXBuildFile; fileRef = 76C541E726A2464D00C3810F /* Assets.xcassets */; };
		76C541EB26A2464D00C3810F /* Preview Assets.xcassets in Resources */ = {isa = PBXBuildFile; fileRef = 76C541EA26A2464D00C3810F /* Preview Assets.xcassets */; };
/* End PBXBuildFile section */

/* Begin PBXFileReference section */
		765F886226A4DA76001FE78F /* StateView.swift */ = {isa = PBXFileReference; lastKnownFileType = sourcecode.swift; path = StateView.swift; sourceTree = "<group>"; };
		765F886426A4DB7E001FE78F /* BindingView.swift */ = {isa = PBXFileReference; lastKnownFileType = sourcecode.swift; path = BindingView.swift; sourceTree = "<group>"; };
		765F886626A4E2DA001FE78F /* EnvironmentView.swift */ = {isa = PBXFileReference; lastKnownFileType = sourcecode.swift; path = EnvironmentView.swift; sourceTree = "<group>"; };
		767AE5E426A26CD200B79A6F /* ImageView.swift */ = {isa = PBXFileReference; lastKnownFileType = sourcecode.swift; path = ImageView.swift; sourceTree = "<group>"; };
		767AE5E626A27A8600B79A6F /* MapView.swift */ = {isa = PBXFileReference; lastKnownFileType = sourcecode.swift; path = MapView.swift; sourceTree = "<group>"; };
		767AE5E826A27DDF00B79A6F /* MainView.swift */ = {isa = PBXFileReference; lastKnownFileType = sourcecode.swift; path = MainView.swift; sourceTree = "<group>"; };
		767AE5EB26A27FAB00B79A6F /* Programmer.swift */ = {isa = PBXFileReference; lastKnownFileType = sourcecode.swift; path = Programmer.swift; sourceTree = "<group>"; };
		767AE5EF26A2804F00B79A6F /* RowView.swift */ = {isa = PBXFileReference; lastKnownFileType = sourcecode.swift; path = RowView.swift; sourceTree = "<group>"; };
		767AE5F126A283C500B79A6F /* ListView.swift */ = {isa = PBXFileReference; lastKnownFileType = sourcecode.swift; path = ListView.swift; sourceTree = "<group>"; };
		767AE5F326A4B1F000B79A6F /* ListDetailView.swift */ = {isa = PBXFileReference; lastKnownFileType = sourcecode.swift; path = ListDetailView.swift; sourceTree = "<group>"; };
		76C541E026A2464800C3810F /* SwiftUIBasics.app */ = {isa = PBXFileReference; explicitFileType = wrapper.application; includeInIndex = 0; path = SwiftUIBasics.app; sourceTree = BUILT_PRODUCTS_DIR; };
		76C541E326A2464800C3810F /* SwiftUIBasicsApp.swift */ = {isa = PBXFileReference; lastKnownFileType = sourcecode.swift; path = SwiftUIBasicsApp.swift; sourceTree = "<group>"; };
		76C541E526A2464800C3810F /* ContentView.swift */ = {isa = PBXFileReference; lastKnownFileType = sourcecode.swift; path = ContentView.swift; sourceTree = "<group>"; };
		76C541E726A2464D00C3810F /* Assets.xcassets */ = {isa = PBXFileReference; lastKnownFileType = folder.assetcatalog; path = Assets.xcassets; sourceTree = "<group>"; };
		76C541EA26A2464D00C3810F /* Preview Assets.xcassets */ = {isa = PBXFileReference; lastKnownFileType = folder.assetcatalog; path = "Preview Assets.xcassets"; sourceTree = "<group>"; };
		76C541EC26A2464D00C3810F /* Info.plist */ = {isa = PBXFileReference; lastKnownFileType = text.plist.xml; path = Info.plist; sourceTree = "<group>"; };
/* End PBXFileReference section */

/* Begin PBXFrameworksBuildPhase section */
		76C541DD26A2464800C3810F /* Frameworks */ = {
			isa = PBXFrameworksBuildPhase;
			buildActionMask = 2147483647;
			files = (
			);
			runOnlyForDeploymentPostprocessing = 0;
		};
/* End PBXFrameworksBuildPhase section */

/* Begin PBXGroup section */
		765F886126A4DA54001FE78F /* PropertyWrappers */ = {
			isa = PBXGroup;
			children = (
				765F886226A4DA76001FE78F /* StateView.swift */,
				765F886426A4DB7E001FE78F /* BindingView.swift */,
				765F886626A4E2DA001FE78F /* EnvironmentView.swift */,
			);
			path = PropertyWrappers;
			sourceTree = "<group>";
		};
		767AE5EA26A27F9B00B79A6F /* Data */ = {
			isa = PBXGroup;
			children = (
				767AE5EB26A27FAB00B79A6F /* Programmer.swift */,
			);
			path = Data;
			sourceTree = "<group>";
		};
		76C541D726A2464700C3810F = {
			isa = PBXGroup;
			children = (
				76C541E226A2464800C3810F /* SwiftUIBasics */,
				76C541E126A2464800C3810F /* Products */,
			);
			sourceTree = "<group>";
		};
		76C541E126A2464800C3810F /* Products */ = {
			isa = PBXGroup;
			children = (
				76C541E026A2464800C3810F /* SwiftUIBasics.app */,
			);
			name = Products;
			sourceTree = "<group>";
		};
		76C541E226A2464800C3810F /* SwiftUIBasics */ = {
			isa = PBXGroup;
			children = (
				765F886126A4DA54001FE78F /* PropertyWrappers */,
				767AE5EA26A27F9B00B79A6F /* Data */,
				76C541E326A2464800C3810F /* SwiftUIBasicsApp.swift */,
				767AE5E826A27DDF00B79A6F /* MainView.swift */,
				767AE5F326A4B1F000B79A6F /* ListDetailView.swift */,
				76C541E526A2464800C3810F /* ContentView.swift */,
				767AE5EF26A2804F00B79A6F /* RowView.swift */,
				767AE5F126A283C500B79A6F /* ListView.swift */,
				767AE5E426A26CD200B79A6F /* ImageView.swift */,
				767AE5E626A27A8600B79A6F /* MapView.swift */,
				76C541E726A2464D00C3810F /* Assets.xcassets */,
				76C541EC26A2464D00C3810F /* Info.plist */,
				76C541E926A2464D00C3810F /* Preview Content */,
			);
			path = SwiftUIBasics;
			sourceTree = "<group>";
		};
		76C541E926A2464D00C3810F /* Preview Content */ = {
			isa = PBXGroup;
			children = (
				76C541EA26A2464D00C3810F /* Preview Assets.xcassets */,
			);
			path = "Preview Content";
			sourceTree = "<group>";
		};
/* End PBXGroup section */

/* Begin PBXNativeTarget section */
		76C541DF26A2464800C3810F /* SwiftUIBasics */ = {
			isa = PBXNativeTarget;
			buildConfigurationList = 76C541EF26A2464D00C3810F /* Build configuration list for PBXNativeTarget "SwiftUIBasics" */;
			buildPhases = (
				76C541DC26A2464800C3810F /* Sources */,
				76C541DD26A2464800C3810F /* Frameworks */,
				76C541DE26A2464800C3810F /* Resources */,
			);
			buildRules = (
			);
			dependencies = (
			);
			name = SwiftUIBasics;
			productName = SwiftUIBasics;
			productReference = 76C541E026A2464800C3810F /* SwiftUIBasics.app */;
			productType = "com.apple.product-type.application";
		};
/* End PBXNativeTarget section */

/* Begin PBXProject section */
		76C541D826A2464800C3810F /* Project object */ = {
			isa = PBXProject;
			attributes = {
				LastSwiftUpdateCheck = 1250;
				LastUpgradeCheck = 1250;
				TargetAttributes = {
					76C541DF26A2464800C3810F = {
						CreatedOnToolsVersion = 12.5.1;
					};
				};
			};
			buildConfigurationList = 76C541DB26A2464800C3810F /* Build configuration list for PBXProject "SwiftUIBasics" */;
			compatibilityVersion = "Xcode 9.3";
			developmentRegion = en;
			hasScannedForEncodings = 0;
			knownRegions = (
				en,
				Base,
			);
			mainGroup = 76C541D726A2464700C3810F;
			productRefGroup = 76C541E126A2464800C3810F /* Products */;
			projectDirPath = "";
			projectRoot = "";
			targets = (
				76C541DF26A2464800C3810F /* SwiftUIBasics */,
			);
		};
/* End PBXProject section */

/* Begin PBXResourcesBuildPhase section */
		76C541DE26A2464800C3810F /* Resources */ = {
			isa = PBXResourcesBuildPhase;
			buildActionMask = 2147483647;
			files = (
				76C541EB26A2464D00C3810F /* Preview Assets.xcassets in Resources */,
				76C541E826A2464D00C3810F /* Assets.xcassets in Resources */,
			);
			runOnlyForDeploymentPostprocessing = 0;
		};
/* End PBXResourcesBuildPhase section */

/* Begin PBXSourcesBuildPhase section */
		76C541DC26A2464800C3810F /* Sources */ = {
			isa = PBXSourcesBuildPhase;
			buildActionMask = 2147483647;
			files = (
				767AE5F226A283C500B79A6F /* ListView.swift in Sources */,
				765F886526A4DB7E001FE78F /* BindingView.swift in Sources */,
				767AE5E526A26CD200B79A6F /* ImageView.swift in Sources */,
				765F886326A4DA76001FE78F /* StateView.swift in Sources */,
				765F886726A4E2DA001FE78F /* EnvironmentView.swift in Sources */,
				767AE5EC26A27FAB00B79A6F /* Programmer.swift in Sources */,
				767AE5F026A2804F00B79A6F /* RowView.swift in Sources */,
				767AE5E726A27A8600B79A6F /* MapView.swift in Sources */,
				76C541E626A2464800C3810F /* ContentView.swift in Sources */,
				767AE5F426A4B1F000B79A6F /* ListDetailView.swift in Sources */,
				767AE5E926A27DDF00B79A6F /* MainView.swift in Sources */,
				76C541E426A2464800C3810F /* SwiftUIBasicsApp.swift in Sources */,
			);
			runOnlyForDeploymentPostprocessing = 0;
		};
/* End PBXSourcesBuildPhase section */

/* Begin XCBuildConfiguration section */
		76C541ED26A2464D00C3810F /* Debug */ = {
			isa = XCBuildConfiguration;
			buildSettings = {
				ALWAYS_SEARCH_USER_PATHS = NO;
				CLANG_ANALYZER_NONNULL = YES;
				CLANG_ANALYZER_NUMBER_OBJECT_CONVERSION = YES_AGGRESSIVE;
				CLANG_CXX_LANGUAGE_STANDARD = "gnu++14";
				CLANG_CXX_LIBRARY = "libc++";
				CLANG_ENABLE_MODULES = YES;
				CLANG_ENABLE_OBJC_ARC = YES;
				CLANG_ENABLE_OBJC_WEAK = YES;
				CLANG_WARN_BLOCK_CAPTURE_AUTORELEASING = YES;
				CLANG_WARN_BOOL_CONVERSION = YES;
				CLANG_WARN_COMMA = YES;
				CLANG_WARN_CONSTANT_CONVERSION = YES;
				CLANG_WARN_DEPRECATED_OBJC_IMPLEMENTATIONS = YES;
				CLANG_WARN_DIRECT_OBJC_ISA_USAGE = YES_ERROR;
				CLANG_WARN_DOCUMENTATION_COMMENTS = YES;
				CLANG_WARN_EMPTY_BODY = YES;
				CLANG_WARN_ENUM_CONVERSION = YES;
				CLANG_WARN_INFINITE_RECURSION = YES;
				CLANG_WARN_INT_CONVERSION = YES;
				CLANG_WARN_NON_LITERAL_NULL_CONVERSION = YES;
				CLANG_WARN_OBJC_IMPLICIT_RETAIN_SELF = YES;
				CLANG_WARN_OBJC_LITERAL_CONVERSION = YES;
				CLANG_WARN_OBJC_ROOT_CLASS = YES_ERROR;
				CLANG_WARN_QUOTED_INCLUDE_IN_FRAMEWORK_HEADER = YES;
				CLANG_WARN_RANGE_LOOP_ANALYSIS = YES;
				CLANG_WARN_STRICT_PROTOTYPES = YES;
				CLANG_WARN_SUSPICIOUS_MOVE = YES;
				CLANG_WARN_UNGUARDED_AVAILABILITY = YES_AGGRESSIVE;
				CLANG_WARN_UNREACHABLE_CODE = YES;
				CLANG_WARN__DUPLICATE_METHOD_MATCH = YES;
				COPY_PHASE_STRIP = NO;
				DEBUG_INFORMATION_FORMAT = dwarf;
				ENABLE_STRICT_OBJC_MSGSEND = YES;
				ENABLE_TESTABILITY = YES;
				GCC_C_LANGUAGE_STANDARD = gnu11;
				GCC_DYNAMIC_NO_PIC = NO;
				GCC_NO_COMMON_BLOCKS = YES;
				GCC_OPTIMIZATION_LEVEL = 0;
				GCC_PREPROCESSOR_DEFINITIONS = (
					"DEBUG=1",
					"$(inherited)",
				);
				GCC_WARN_64_TO_32_BIT_CONVERSION = YES;
				GCC_WARN_ABOUT_RETURN_TYPE = YES_ERROR;
				GCC_WARN_UNDECLARED_SELECTOR = YES;
				GCC_WARN_UNINITIALIZED_AUTOS = YES_AGGRESSIVE;
				GCC_WARN_UNUSED_FUNCTION = YES;
				GCC_WARN_UNUSED_VARIABLE = YES;
				IPHONEOS_DEPLOYMENT_TARGET = 14.5;
				MTL_ENABLE_DEBUG_INFO = INCLUDE_SOURCE;
				MTL_FAST_MATH = YES;
				ONLY_ACTIVE_ARCH = YES;
				SDKROOT = iphoneos;
				SWIFT_ACTIVE_COMPILATION_CONDITIONS = DEBUG;
				SWIFT_OPTIMIZATION_LEVEL = "-Onone";
			};
			name = Debug;
		};
		76C541EE26A2464D00C3810F /* Release */ = {
			isa = XCBuildConfiguration;
			buildSettings = {
				ALWAYS_SEARCH_USER_PATHS = NO;
				CLANG_ANALYZER_NONNULL = YES;
				CLANG_ANALYZER_NUMBER_OBJECT_CONVERSION = YES_AGGRESSIVE;
				CLANG_CXX_LANGUAGE_STANDARD = "gnu++14";
				CLANG_CXX_LIBRARY = "libc++";
				CLANG_ENABLE_MODULES = YES;
				CLANG_ENABLE_OBJC_ARC = YES;
				CLANG_ENABLE_OBJC_WEAK = YES;
				CLANG_WARN_BLOCK_CAPTURE_AUTORELEASING = YES;
				CLANG_WARN_BOOL_CONVERSION = YES;
				CLANG_WARN_COMMA = YES;
				CLANG_WARN_CONSTANT_CONVERSION = YES;
				CLANG_WARN_DEPRECATED_OBJC_IMPLEMENTATIONS = YES;
				CLANG_WARN_DIRECT_OBJC_ISA_USAGE = YES_ERROR;
				CLANG_WARN_DOCUMENTATION_COMMENTS = YES;
				CLANG_WARN_EMPTY_BODY = YES;
				CLANG_WARN_ENUM_CONVERSION = YES;
				CLANG_WARN_INFINITE_RECURSION = YES;
				CLANG_WARN_INT_CONVERSION = YES;
				CLANG_WARN_NON_LITERAL_NULL_CONVERSION = YES;
				CLANG_WARN_OBJC_IMPLICIT_RETAIN_SELF = YES;
				CLANG_WARN_OBJC_LITERAL_CONVERSION = YES;
				CLANG_WARN_OBJC_ROOT_CLASS = YES_ERROR;
				CLANG_WARN_QUOTED_INCLUDE_IN_FRAMEWORK_HEADER = YES;
				CLANG_WARN_RANGE_LOOP_ANALYSIS = YES;
				CLANG_WARN_STRICT_PROTOTYPES = YES;
				CLANG_WARN_SUSPICIOUS_MOVE = YES;
				CLANG_WARN_UNGUARDED_AVAILABILITY = YES_AGGRESSIVE;
				CLANG_WARN_UNREACHABLE_CODE = YES;
				CLANG_WARN__DUPLICATE_METHOD_MATCH = YES;
				COPY_PHASE_STRIP = NO;
				DEBUG_INFORMATION_FORMAT = "dwarf-with-dsym";
				ENABLE_NS_ASSERTIONS = NO;
				ENABLE_STRICT_OBJC_MSGSEND = YES;
				GCC_C_LANGUAGE_STANDARD = gnu11;
				GCC_NO_COMMON_BLOCKS = YES;
				GCC_WARN_64_TO_32_BIT_CONVERSION = YES;
				GCC_WARN_ABOUT_RETURN_TYPE = YES_ERROR;
				GCC_WARN_UNDECLARED_SELECTOR = YES;
				GCC_WARN_UNINITIALIZED_AUTOS = YES_AGGRESSIVE;
				GCC_WARN_UNUSED_FUNCTION = YES;
				GCC_WARN_UNUSED_VARIABLE = YES;
				IPHONEOS_DEPLOYMENT_TARGET = 14.5;
				MTL_ENABLE_DEBUG_INFO = NO;
				MTL_FAST_MATH = YES;
				SDKROOT = iphoneos;
				SWIFT_COMPILATION_MODE = wholemodule;
				SWIFT_OPTIMIZATION_LEVEL = "-O";
				VALIDATE_PRODUCT = YES;
			};
			name = Release;
		};
		76C541F026A2464D00C3810F /* Debug */ = {
			isa = XCBuildConfiguration;
			buildSettings = {
				ASSETCATALOG_COMPILER_APPICON_NAME = AppIcon;
				ASSETCATALOG_COMPILER_GLOBAL_ACCENT_COLOR_NAME = AccentColor;
				CODE_SIGN_STYLE = Automatic;
				DEVELOPMENT_ASSET_PATHS = "\"SwiftUIBasics/Preview Content\"";
				DEVELOPMENT_TEAM = P5CR9K55V4;
				ENABLE_PREVIEWS = YES;
				INFOPLIST_FILE = SwiftUIBasics/Info.plist;
				IPHONEOS_DEPLOYMENT_TARGET = 14.0;
				LD_RUNPATH_SEARCH_PATHS = (
					"$(inherited)",
					"@executable_path/Frameworks",
				);
				PRODUCT_BUNDLE_IDENTIFIER = com.fractalscode.SwiftUIBasics;
				PRODUCT_NAME = "$(TARGET_NAME)";
				SWIFT_VERSION = 5.0;
				TARGETED_DEVICE_FAMILY = "1,2";
			};
			name = Debug;
		};
		76C541F126A2464D00C3810F /* Release */ = {
			isa = XCBuildConfiguration;
			buildSettings = {
				ASSETCATALOG_COMPILER_APPICON_NAME = AppIcon;
				ASSETCATALOG_COMPILER_GLOBAL_ACCENT_COLOR_NAME = AccentColor;
				CODE_SIGN_STYLE = Automatic;
				DEVELOPMENT_ASSET_PATHS = "\"SwiftUIBasics/Preview Content\"";
				DEVELOPMENT_TEAM = P5CR9K55V4;
				ENABLE_PREVIEWS = YES;
				INFOPLIST_FILE = SwiftUIBasics/Info.plist;
				IPHONEOS_DEPLOYMENT_TARGET = 14.0;
				LD_RUNPATH_SEARCH_PATHS = (
					"$(inherited)",
					"@executable_path/Frameworks",
				);
				PRODUCT_BUNDLE_IDENTIFIER = com.fractalscode.SwiftUIBasics;
				PRODUCT_NAME = "$(TARGET_NAME)";
				SWIFT_VERSION = 5.0;
				TARGETED_DEVICE_FAMILY = "1,2";
			};
			name = Release;
		};
/* End XCBuildConfiguration section */

/* Begin XCConfigurationList section */
		76C541DB26A2464800C3810F /* Build configuration list for PBXProject "SwiftUIBasics" */ = {
			isa = XCConfigurationList;
			buildConfigurations = (
				76C541ED26A2464D00C3810F /* Debug */,
				76C541EE26A2464D00C3810F /* Release */,
			);
			defaultConfigurationIsVisible = 0;
			defaultConfigurationName = Release;
		};
		76C541EF26A2464D00C3810F /* Build configuration list for PBXNativeTarget "SwiftUIBasics" */ = {
			isa = XCConfigurationList;
			buildConfigurations = (
				76C541F026A2464D00C3810F /* Debug */,
				76C541F126A2464D00C3810F /* Release */,
			);
			defaultConfigurationIsVisible = 0;
			defaultConfigurationName = Release;
		};
/* End XCConfigurationList section */
	};
	rootObject = 76C541D826A2464800C3810F /* Project object */;
}
